Microsoft Visual Studio Solution File, Format Version 12.00
# Visual Studio Version 17
VisualStudioVersion = 17.5.002.0
MinimumVisualStudioVersion = 10.0.40219.1
Project("{2150E333-8FDC-42A3-9474-1A3956D46DE8}") = "Day 7", "Day 7", "{E33C9563-A5F4-496E-A3A6-34E152638F74}"
EndProject
Project("{2150E333-8FDC-42A3-9474-1A3956D46DE8}") = "8", "8", "{334A0029-9426-4EF8-BA24-0C0253DBE302}"
EndProject
Project("{2150E333-8FDC-42A3-9474-1A3956D46DE8}") = "NetStarter", "NetStarter", "{1D4D2D7D-9AC1-4A58-A8F5-C44DA40330C2}"
EndProject
Project("{9A19103F-16F7-4668-BE54-9A1E7A4F7556}") = "Basics", "Day 7\8\NetStarter\Basics\Basics.csproj", "{75972004-4A69-4EAE-8669-B3AD6F5631C2}"
EndProject
Global
    GlobalSection(SolutionConfigurationPlatforms) = preSolution
        Debug|Any CPU = Debug|Any CPU
        Release|Any CPU = Release|Any CPU
    EndGlobalSection
    GlobalSection(ProjectConfigurationPlatforms) = postSolution
        {75972004-4A69-4EAE-8669-B3AD6F5631C2}.Debug|Any CPU.ActiveCfg = Debug|Any CPU
        {75972004-4A69-4EAE-8669-B3AD6F5631C2}.Debug|Any CPU.Build.0 = Debug|Any CPU
        {75972004-4A69-4EAE-8669-B3AD6F5631C2}.Release|Any CPU.ActiveCfg = Release|Any CPU
        {75972004-4A69-4EAE-8669-B3AD6F5631C2}.Release|Any CPU.Build.0 = Release|Any CPU
    EndGlobalSection
    GlobalSection(SolutionProperties) = preSolution
        HideSolutionNode = FALSE
    EndGlobalSection
    GlobalSection(NestedProjects) = preSolution
        {334A0029-9426-4EF8-BA24-0C0253DBE302} = {E33C9563-A5F4-496E-A3A6-34E152638F74}
        {1D4D2D7D-9AC1-4A58-A8F5-C44DA40330C2} = {334A0029-9426-4EF8-BA24-0C0253DBE302}
        {75972004-4A69-4EAE-8669-B3AD6F5631C2} = {1D4D2D7D-9AC1-4A58-A8F5-C44DA40330C2}
    EndGlobalSection
    GlobalSection(ExtensibilityGlobals) = postSolution
        SolutionGuid = {350E1B19-1C2A-4126-B43F-F87CCEE91F62}
    EndGlobalSection
EndGlobal
